// !$*UTF8*$!
{
	archiveVersion = 1;
	classes = {
	};
	objectVersion = 56;
	objects = {

/* Begin PBXBuildFile section */
		0716FED02A37326600B5AA1B /* GalleryView.swift in Sources */ = {isa = PBXBuildFile; fileRef = 0716FECF2A37326600B5AA1B /* GalleryView.swift */; };
		0716FED42A3737D700B5AA1B /* Aespa in Frameworks */ = {isa = PBXBuildFile; productRef = 0716FED32A3737D700B5AA1B /* Aespa */; };
		07778FF12A31E3A000B1DC6C /* SettingView.swift in Sources */ = {isa = PBXBuildFile; fileRef = 07778FF02A31E3A000B1DC6C /* SettingView.swift */; };
		96A7E1E72B2A7A1B001B8244 /* SuccessView.swift in Sources */ = {isa = PBXBuildFile; fileRef = 96A7E1E22B2A7A1B001B8244 /* SuccessView.swift */; };
		96A7E1E82B2A7A1B001B8244 /* MetaData.swift in Sources */ = {isa = PBXBuildFile; fileRef = 96A7E1E32B2A7A1B001B8244 /* MetaData.swift */; };
		96A7E1E92B2A7A1B001B8244 /* CameraView.swift in Sources */ = {isa = PBXBuildFile; fileRef = 96A7E1E42B2A7A1B001B8244 /* CameraView.swift */; };
		96A7E1EA2B2A7A1B001B8244 /* SettingsView.swift in Sources */ = {isa = PBXBuildFile; fileRef = 96A7E1E52B2A7A1B001B8244 /* SettingsView.swift */; };
		96A7E1EB2B2A7A1B001B8244 /* MetaDataRow.swift in Sources */ = {isa = PBXBuildFile; fileRef = 96A7E1E62B2A7A1B001B8244 /* MetaDataRow.swift */; };
		9CE5B7DC2A306F350058334D /* VideoJournalApp.swift in Sources */ = {isa = PBXBuildFile; fileRef = 9CE5B7DB2A306F350058334D /* VideoJournalApp.swift */; };
		9CE5B7DE2A306F350058334D /* VideoContentView.swift in Sources */ = {isa = PBXBuildFile; fileRef = 9CE5B7DD2A306F350058334D /* VideoContentView.swift */; };
		9CE5B7E02A306F370058334D /* Assets.xcassets in Resources */ = {isa = PBXBuildFile; fileRef = 9CE5B7DF2A306F370058334D /* Assets.xcassets */; };
		9CE5B7E32A306F370058334D /* Preview Assets.xcassets in Resources */ = {isa = PBXBuildFile; fileRef = 9CE5B7E22A306F370058334D /* Preview Assets.xcassets */; };
		9CE5B80B2A3070380058334D /* VideoContentViewModel.swift in Sources */ = {isa = PBXBuildFile; fileRef = 9CE5B80A2A3070380058334D /* VideoContentViewModel.swift */; };
		ED4CBBDF2B27E2D1007553CC /* Aespa in Frameworks */ = {isa = PBXBuildFile; productRef = ED4CBBDE2B27E2D1007553CC /* Aespa */; };
/* End PBXBuildFile section */

/* Begin PBXFileReference section */
		0716FECF2A37326600B5AA1B /* GalleryView.swift */ = {isa = PBXFileReference; fileEncoding = 4; lastKnownFileType = sourcecode.swift; path = GalleryView.swift; sourceTree = "<group>"; };
		07778FF02A31E3A000B1DC6C /* SettingView.swift */ = {isa = PBXFileReference; lastKnownFileType = sourcecode.swift; path = SettingView.swift; sourceTree = "<group>"; };
		96A7E1E22B2A7A1B001B8244 /* SuccessView.swift */ = {isa = PBXFileReference; fileEncoding = 4; lastKnownFileType = sourcecode.swift; path = SuccessView.swift; sourceTree = "<group>"; };
		96A7E1E32B2A7A1B001B8244 /* MetaData.swift */ = {isa = PBXFileReference; fileEncoding = 4; lastKnownFileType = sourcecode.swift; path = MetaData.swift; sourceTree = "<group>"; };
		96A7E1E42B2A7A1B001B8244 /* CameraView.swift */ = {isa = PBXFileReference; fileEncoding = 4; lastKnownFileType = sourcecode.swift; path = CameraView.swift; sourceTree = "<group>"; };
		96A7E1E52B2A7A1B001B8244 /* SettingsView.swift */ = {isa = PBXFileReference; fileEncoding = 4; lastKnownFileType = sourcecode.swift; path = SettingsView.swift; sourceTree = "<group>"; };
		96A7E1E62B2A7A1B001B8244 /* MetaDataRow.swift */ = {isa = PBXFileReference; fileEncoding = 4; lastKnownFileType = sourcecode.swift; path = MetaDataRow.swift; sourceTree = "<group>"; };
		9CE5B7D82A306F350058334D /* VideoJournal.app */ = {isa = PBXFileReference; explicitFileType = wrapper.application; includeInIndex = 0; path = VideoJournal.app; sourceTree = BUILT_PRODUCTS_DIR; };
		9CE5B7DB2A306F350058334D /* VideoJournalApp.swift */ = {isa = PBXFileReference; lastKnownFileType = sourcecode.swift; path = VideoJournalApp.swift; sourceTree = "<group>"; };
		9CE5B7DD2A306F350058334D /* VideoContentView.swift */ = {isa = PBXFileReference; lastKnownFileType = sourcecode.swift; path = VideoContentView.swift; sourceTree = "<group>"; };
		9CE5B7DF2A306F370058334D /* Assets.xcassets */ = {isa = PBXFileReference; lastKnownFileType = folder.assetcatalog; path = Assets.xcassets; sourceTree = "<group>"; };
		9CE5B7E22A306F370058334D /* Preview Assets.xcassets */ = {isa = PBXFileReference; lastKnownFileType = folder.assetcatalog; path = "Preview Assets.xcassets"; sourceTree = "<group>"; };
		9CE5B80A2A3070380058334D /* VideoContentViewModel.swift */ = {isa = PBXFileReference; lastKnownFileType = sourcecode.swift; path = VideoContentViewModel.swift; sourceTree = "<group>"; };
		9CE5B80E2A316BC00058334D /* VideoJournal.entitlements */ = {isa = PBXFileReference; lastKnownFileType = text.plist.entitlements; path = VideoJournal.entitlements; sourceTree = "<group>"; };
/* End PBXFileReference section */

/* Begin PBXFrameworksBuildPhase section */
		9CE5B7D52A306F350058334D /* Frameworks */ = {
			isa = PBXFrameworksBuildPhase;
			buildActionMask = 2147483647;
			files = (
				0716FED42A3737D700B5AA1B /* Aespa in Frameworks */,
				ED4CBBDF2B27E2D1007553CC /* Aespa in Frameworks */,
			);
			runOnlyForDeploymentPostprocessing = 0;
		};
/* End PBXFrameworksBuildPhase section */

/* Begin PBXGroup section */
		9CE5B7CF2A306F350058334D = {
			isa = PBXGroup;
			children = (
				9CE5B7DA2A306F350058334D /* VideoJournal */,
				9CE5B7D92A306F350058334D /* Products */,
				9CE5B8072A3070200058334D /* Frameworks */,
			);
			sourceTree = "<group>";
		};
		9CE5B7D92A306F350058334D /* Products */ = {
			isa = PBXGroup;
			children = (
				9CE5B7D82A306F350058334D /* VideoJournal.app */,
			);
			name = Products;
			sourceTree = "<group>";
		};
		9CE5B7DA2A306F350058334D /* VideoJournal */ = {
			isa = PBXGroup;
			children = (
				9CE5B80E2A316BC00058334D /* VideoJournal.entitlements */,
				9CE5B7DB2A306F350058334D /* VideoJournalApp.swift */,
				9CE5B7DD2A306F350058334D /* VideoContentView.swift */,
				9CE5B80A2A3070380058334D /* VideoContentViewModel.swift */,
				0716FECF2A37326600B5AA1B /* GalleryView.swift */,
				07778FF02A31E3A000B1DC6C /* SettingView.swift */,
				96A7E1E42B2A7A1B001B8244 /* CameraView.swift */,
				96A7E1E32B2A7A1B001B8244 /* MetaData.swift */,
				96A7E1E62B2A7A1B001B8244 /* MetaDataRow.swift */,
				96A7E1E52B2A7A1B001B8244 /* SettingsView.swift */,
				96A7E1E22B2A7A1B001B8244 /* SuccessView.swift */,
				9CE5B7DF2A306F370058334D /* Assets.xcassets */,
				9CE5B7E12A306F370058334D /* Preview Content */,
			);
			path = VideoJournal;
			sourceTree = "<group>";
		};
		9CE5B7E12A306F370058334D /* Preview Content */ = {
			isa = PBXGroup;
			children = (
				9CE5B7E22A306F370058334D /* Preview Assets.xcassets */,
			);
			path = "Preview Content";
			sourceTree = "<group>";
		};
		9CE5B8072A3070200058334D /* Frameworks */ = {
			isa = PBXGroup;
			children = (
			);
			name = Frameworks;
			sourceTree = "<group>";
		};
/* End PBXGroup section */

/* Begin PBXNativeTarget section */
		9CE5B7D72A306F350058334D /* VideoJournal */ = {
			isa = PBXNativeTarget;
			buildConfigurationList = 9CE5B7FC2A306F370058334D /* Build configuration list for PBXNativeTarget "VideoJournal" */;
			buildPhases = (
				9CE5B7D42A306F350058334D /* Sources */,
				9CE5B7D52A306F350058334D /* Frameworks */,
				9CE5B7D62A306F350058334D /* Resources */,
			);
			buildRules = (
			);
			dependencies = (
			);
			name = VideoJournal;
			packageProductDependencies = (
				0716FED32A3737D700B5AA1B /* Aespa */,
				ED4CBBDE2B27E2D1007553CC /* Aespa */,
			);
			productName = "Aespa-iOS";
			productReference = 9CE5B7D82A306F350058334D /* VideoJournal.app */;
			productType = "com.apple.product-type.application";
		};
/* End PBXNativeTarget section */

/* Begin PBXProject section */
		9CE5B7D02A306F350058334D /* Project object */ = {
			isa = PBXProject;
			attributes = {
				BuildIndependentTargetsInParallel = 1;
				LastSwiftUpdateCheck = 1430;
				LastUpgradeCheck = 1510;
				TargetAttributes = {
					9CE5B7D72A306F350058334D = {
						CreatedOnToolsVersion = 14.3;
					};
				};
			};
			buildConfigurationList = 9CE5B7D32A306F350058334D /* Build configuration list for PBXProject "VideoJournal" */;
			compatibilityVersion = "Xcode 14.0";
			developmentRegion = en;
			hasScannedForEncodings = 0;
			knownRegions = (
				en,
				Base,
			);
			mainGroup = 9CE5B7CF2A306F350058334D;
			packageReferences = (
				ED4CBBDD2B27E2D1007553CC /* XCRemoteSwiftPackageReference "Aespa" */,
			);
			productRefGroup = 9CE5B7D92A306F350058334D /* Products */;
			projectDirPath = "";
			projectRoot = "";
			targets = (
				9CE5B7D72A306F350058334D /* VideoJournal */,
			);
		};
/* End PBXProject section */

/* Begin PBXResourcesBuildPhase section */
		9CE5B7D62A306F350058334D /* Resources */ = {
			isa = PBXResourcesBuildPhase;
			buildActionMask = 2147483647;
			files = (
				9CE5B7E32A306F370058334D /* Preview Assets.xcassets in Resources */,
				9CE5B7E02A306F370058334D /* Assets.xcassets in Resources */,
			);
			runOnlyForDeploymentPostprocessing = 0;
		};
/* End PBXResourcesBuildPhase section */

/* Begin PBXSourcesBuildPhase section */
		9CE5B7D42A306F350058334D /* Sources */ = {
			isa = PBXSourcesBuildPhase;
			buildActionMask = 2147483647;
			files = (
				9CE5B7DE2A306F350058334D /* VideoContentView.swift in Sources */,
				96A7E1EB2B2A7A1B001B8244 /* MetaDataRow.swift in Sources */,
				07778FF12A31E3A000B1DC6C /* SettingView.swift in Sources */,
				9CE5B7DC2A306F350058334D /* VideoJournalApp.swift in Sources */,
				96A7E1EA2B2A7A1B001B8244 /* SettingsView.swift in Sources */,
				9CE5B80B2A3070380058334D /* VideoContentViewModel.swift in Sources */,
				96A7E1E72B2A7A1B001B8244 /* SuccessView.swift in Sources */,
				0716FED02A37326600B5AA1B /* GalleryView.swift in Sources */,
				96A7E1E82B2A7A1B001B8244 /* MetaData.swift in Sources */,
				96A7E1E92B2A7A1B001B8244 /* CameraView.swift in Sources */,
			);
			runOnlyForDeploymentPostprocessing = 0;
		};
/* End PBXSourcesBuildPhase section */

/* Begin XCBuildConfiguration section */
		9CE5B7FA2A306F370058334D /* Debug */ = {
			isa = XCBuildConfiguration;
			buildSettings = {
				ALWAYS_SEARCH_USER_PATHS = NO;
				CLANG_ANALYZER_NONNULL = YES;
				CLANG_ANALYZER_NUMBER_OBJECT_CONVERSION = YES_AGGRESSIVE;
				CLANG_CXX_LANGUAGE_STANDARD = "gnu++20";
				CLANG_ENABLE_MODULES = YES;
				CLANG_ENABLE_OBJC_ARC = YES;
				CLANG_ENABLE_OBJC_WEAK = YES;
				CLANG_WARN_BLOCK_CAPTURE_AUTORELEASING = YES;
				CLANG_WARN_BOOL_CONVERSION = YES;
				CLANG_WARN_COMMA = YES;
				CLANG_WARN_CONSTANT_CONVERSION = YES;
				CLANG_WARN_DEPRECATED_OBJC_IMPLEMENTATIONS = YES;
				CLANG_WARN_DIRECT_OBJC_ISA_USAGE = YES_ERROR;
				CLANG_WARN_DOCUMENTATION_COMMENTS = YES;
				CLANG_WARN_EMPTY_BODY = YES;
				CLANG_WARN_ENUM_CONVERSION = YES;
				CLANG_WARN_INFINITE_RECURSION = YES;
				CLANG_WARN_INT_CONVERSION = YES;
				CLANG_WARN_NON_LITERAL_NULL_CONVERSION = YES;
				CLANG_WARN_OBJC_IMPLICIT_RETAIN_SELF = YES;
				CLANG_WARN_OBJC_LITERAL_CONVERSION = YES;
				CLANG_WARN_OBJC_ROOT_CLASS = YES_ERROR;
				CLANG_WARN_QUOTED_INCLUDE_IN_FRAMEWORK_HEADER = YES;
				CLANG_WARN_RANGE_LOOP_ANALYSIS = YES;
				CLANG_WARN_STRICT_PROTOTYPES = YES;
				CLANG_WARN_SUSPICIOUS_MOVE = YES;
				CLANG_WARN_UNGUARDED_AVAILABILITY = YES_AGGRESSIVE;
				CLANG_WARN_UNREACHABLE_CODE = YES;
				CLANG_WARN__DUPLICATE_METHOD_MATCH = YES;
				COPY_PHASE_STRIP = NO;
				DEBUG_INFORMATION_FORMAT = dwarf;
				ENABLE_STRICT_OBJC_MSGSEND = YES;
				ENABLE_TESTABILITY = YES;
				ENABLE_USER_SCRIPT_SANDBOXING = YES;
				GCC_C_LANGUAGE_STANDARD = gnu11;
				GCC_DYNAMIC_NO_PIC = NO;
				GCC_NO_COMMON_BLOCKS = YES;
				GCC_OPTIMIZATION_LEVEL = 0;
				GCC_PREPROCESSOR_DEFINITIONS = (
					"DEBUG=1",
					"$(inherited)",
				);
				GCC_WARN_64_TO_32_BIT_CONVERSION = YES;
				GCC_WARN_ABOUT_RETURN_TYPE = YES_ERROR;
				GCC_WARN_UNDECLARED_SELECTOR = YES;
				GCC_WARN_UNINITIALIZED_AUTOS = YES_AGGRESSIVE;
				GCC_WARN_UNUSED_FUNCTION = YES;
				GCC_WARN_UNUSED_VARIABLE = YES;
				IPHONEOS_DEPLOYMENT_TARGET = 14.0;
				MTL_ENABLE_DEBUG_INFO = INCLUDE_SOURCE;
				MTL_FAST_MATH = YES;
				ONLY_ACTIVE_ARCH = YES;
				SDKROOT = iphoneos;
				SWIFT_ACTIVE_COMPILATION_CONDITIONS = DEBUG;
				SWIFT_OPTIMIZATION_LEVEL = "-Onone";
			};
			name = Debug;
		};
		9CE5B7FB2A306F370058334D /* Release */ = {
			isa = XCBuildConfiguration;
			buildSettings = {
				ALWAYS_SEARCH_USER_PATHS = NO;
				CLANG_ANALYZER_NONNULL = YES;
				CLANG_ANALYZER_NUMBER_OBJECT_CONVERSION = YES_AGGRESSIVE;
				CLANG_CXX_LANGUAGE_STANDARD = "gnu++20";
				CLANG_ENABLE_MODULES = YES;
				CLANG_ENABLE_OBJC_ARC = YES;
				CLANG_ENABLE_OBJC_WEAK = YES;
				CLANG_WARN_BLOCK_CAPTURE_AUTORELEASING = YES;
				CLANG_WARN_BOOL_CONVERSION = YES;
				CLANG_WARN_COMMA = YES;
				CLANG_WARN_CONSTANT_CONVERSION = YES;
				CLANG_WARN_DEPRECATED_OBJC_IMPLEMENTATIONS = YES;
				CLANG_WARN_DIRECT_OBJC_ISA_USAGE = YES_ERROR;
				CLANG_WARN_DOCUMENTATION_COMMENTS = YES;
				CLANG_WARN_EMPTY_BODY = YES;
				CLANG_WARN_ENUM_CONVERSION = YES;
				CLANG_WARN_INFINITE_RECURSION = YES;
				CLANG_WARN_INT_CONVERSION = YES;
				CLANG_WARN_NON_LITERAL_NULL_CONVERSION = YES;
				CLANG_WARN_OBJC_IMPLICIT_RETAIN_SELF = YES;
				CLANG_WARN_OBJC_LITERAL_CONVERSION = YES;
				CLANG_WARN_OBJC_ROOT_CLASS = YES_ERROR;
				CLANG_WARN_QUOTED_INCLUDE_IN_FRAMEWORK_HEADER = YES;
				CLANG_WARN_RANGE_LOOP_ANALYSIS = YES;
				CLANG_WARN_STRICT_PROTOTYPES = YES;
				CLANG_WARN_SUSPICIOUS_MOVE = YES;
				CLANG_WARN_UNGUARDED_AVAILABILITY = YES_AGGRESSIVE;
				CLANG_WARN_UNREACHABLE_CODE = YES;
				CLANG_WARN__DUPLICATE_METHOD_MATCH = YES;
				COPY_PHASE_STRIP = NO;
				DEBUG_INFORMATION_FORMAT = "dwarf-with-dsym";
				ENABLE_NS_ASSERTIONS = NO;
				ENABLE_STRICT_OBJC_MSGSEND = YES;
				ENABLE_USER_SCRIPT_SANDBOXING = YES;
				GCC_C_LANGUAGE_STANDARD = gnu11;
				GCC_NO_COMMON_BLOCKS = YES;
				GCC_WARN_64_TO_32_BIT_CONVERSION = YES;
				GCC_WARN_ABOUT_RETURN_TYPE = YES_ERROR;
				GCC_WARN_UNDECLARED_SELECTOR = YES;
				GCC_WARN_UNINITIALIZED_AUTOS = YES_AGGRESSIVE;
				GCC_WARN_UNUSED_FUNCTION = YES;
				GCC_WARN_UNUSED_VARIABLE = YES;
				IPHONEOS_DEPLOYMENT_TARGET = 14.0;
				MTL_ENABLE_DEBUG_INFO = NO;
				MTL_FAST_MATH = YES;
				SDKROOT = iphoneos;
				SWIFT_COMPILATION_MODE = wholemodule;
				SWIFT_OPTIMIZATION_LEVEL = "-O";
				VALIDATE_PRODUCT = YES;
			};
			name = Release;
		};
		9CE5B7FD2A306F370058334D /* Debug */ = {
			isa = XCBuildConfiguration;
			buildSettings = {
				ASSETCATALOG_COMPILER_APPICON_NAME = AppIcon;
				ASSETCATALOG_COMPILER_GLOBAL_ACCENT_COLOR_NAME = AccentColor;
				CODE_SIGN_ENTITLEMENTS = VideoJournal/VideoJournal.entitlements;
				CODE_SIGN_IDENTITY = "Apple Development";
				CODE_SIGN_STYLE = Automatic;
				CURRENT_PROJECT_VERSION = 1;
				DEVELOPMENT_ASSET_PATHS = "\"VideoJournal/Preview Content\"";
				DEVELOPMENT_TEAM = 46UJ7L8B37;
				ENABLE_PREVIEWS = YES;
				GENERATE_INFOPLIST_FILE = YES;
				INFOPLIST_KEY_NSAppleMusicUsageDescription = "";
				INFOPLIST_KEY_NSCameraUsageDescription = "Use camera";
				INFOPLIST_KEY_NSMicrophoneUsageDescription = "Use mic";
				INFOPLIST_KEY_NSPhotoLibraryAddUsageDescription = "Use and add album";
				INFOPLIST_KEY_NSPhotoLibraryUsageDescription = "Use album";
				INFOPLIST_KEY_UIApplicationSceneManifest_Generation = YES;
				INFOPLIST_KEY_UIApplicationSupportsIndirectInputEvents = YES;
				INFOPLIST_KEY_UILaunchScreen_Generation = YES;
				INFOPLIST_KEY_UISupportedInterfaceOrientations = UIInterfaceOrientationPortrait;
				INFOPLIST_KEY_UISupportedInterfaceOrientations_iPad = "UIInterfaceOrientationLandscapeLeft UIInterfaceOrientationLandscapeRight UIInterfaceOrientationPortrait UIInterfaceOrientationPortraitUpsideDown";
				IPHONEOS_DEPLOYMENT_TARGET = 16.0;
				LD_RUNPATH_SEARCH_PATHS = (
					"$(inherited)",
					"@executable_path/Frameworks",
				);
				MARKETING_VERSION = 1.0;
				PRODUCT_BUNDLE_IDENTIFIER = com.georgejcyu;
				PRODUCT_NAME = "$(TARGET_NAME)";
				PROVISIONING_PROFILE_SPECIFIER = "";
				SWIFT_EMIT_LOC_STRINGS = YES;
				SWIFT_VERSION = 5.0;
				TARGETED_DEVICE_FAMILY = "1,2";
			};
			name = Debug;
		};
		9CE5B7FE2A306F370058334D /* Release */ = {
			isa = XCBuildConfiguration;
			buildSettings = {
				ASSETCATALOG_COMPILER_APPICON_NAME = AppIcon;
				ASSETCATALOG_COMPILER_GLOBAL_ACCENT_COLOR_NAME = AccentColor;
				CODE_SIGN_ENTITLEMENTS = VideoJournal/VideoJournal.entitlements;
				CODE_SIGN_IDENTITY = "Apple Development";
				CODE_SIGN_STYLE = Automatic;
				CURRENT_PROJECT_VERSION = 1;
				DEVELOPMENT_ASSET_PATHS = "\"VideoJournal/Preview Content\"";
				DEVELOPMENT_TEAM = 46UJ7L8B37;
				ENABLE_PREVIEWS = YES;
				GENERATE_INFOPLIST_FILE = YES;
				INFOPLIST_KEY_NSAppleMusicUsageDescription = "";
				INFOPLIST_KEY_NSCameraUsageDescription = "Use camera";
				INFOPLIST_KEY_NSMicrophoneUsageDescription = "Use mic";
				INFOPLIST_KEY_NSPhotoLibraryAddUsageDescription = "Use and add album";
				INFOPLIST_KEY_NSPhotoLibraryUsageDescription = "Use album";
				INFOPLIST_KEY_UIApplicationSceneManifest_Generation = YES;
				INFOPLIST_KEY_UIApplicationSupportsIndirectInputEvents = YES;
				INFOPLIST_KEY_UILaunchScreen_Generation = YES;
				INFOPLIST_KEY_UISupportedInterfaceOrientations = UIInterfaceOrientationPortrait;
				INFOPLIST_KEY_UISupportedInterfaceOrientations_iPad = "UIInterfaceOrientationLandscapeLeft UIInterfaceOrientationLandscapeRight UIInterfaceOrientationPortrait UIInterfaceOrientationPortraitUpsideDown";
				IPHONEOS_DEPLOYMENT_TARGET = 16.0;
				LD_RUNPATH_SEARCH_PATHS = (
					"$(inherited)",
					"@executable_path/Frameworks",
				);
				MARKETING_VERSION = 1.0;
				PRODUCT_BUNDLE_IDENTIFIER = com.georgejcyu;
				PRODUCT_NAME = "$(TARGET_NAME)";
				PROVISIONING_PROFILE_SPECIFIER = "";
				SWIFT_EMIT_LOC_STRINGS = YES;
				SWIFT_VERSION = 5.0;
				TARGETED_DEVICE_FAMILY = "1,2";
			};
			name = Release;
		};
/* End XCBuildConfiguration section */

/* Begin XCConfigurationList section */
		9CE5B7D32A306F350058334D /* Build configuration list for PBXProject "VideoJournal" */ = {
			isa = XCConfigurationList;
			buildConfigurations = (
				9CE5B7FA2A306F370058334D /* Debug */,
				9CE5B7FB2A306F370058334D /* Release */,
			);
			defaultConfigurationIsVisible = 0;
			defaultConfigurationName = Release;
		};
		9CE5B7FC2A306F370058334D /* Build configuration list for PBXNativeTarget "VideoJournal" */ = {
			isa = XCConfigurationList;
			buildConfigurations = (
				9CE5B7FD2A306F370058334D /* Debug */,
				9CE5B7FE2A306F370058334D /* Release */,
			);
			defaultConfigurationIsVisible = 0;
			defaultConfigurationName = Release;
		};
/* End XCConfigurationList section */

/* Begin XCRemoteSwiftPackageReference section */
		ED4CBBDD2B27E2D1007553CC /* XCRemoteSwiftPackageReference "Aespa" */ = {
			isa = XCRemoteSwiftPackageReference;
			repositoryURL = "https://github.com/enebin/Aespa.git";
			requirement = {
				kind = upToNextMajorVersion;
				minimumVersion = 0.5.0;
			};
		};
/* End XCRemoteSwiftPackageReference section */

/* Begin XCSwiftPackageProductDependency section */
		0716FED32A3737D700B5AA1B /* Aespa */ = {
			isa = XCSwiftPackageProductDependency;
			productName = Aespa;
		};
		ED4CBBDE2B27E2D1007553CC /* Aespa */ = {
			isa = XCSwiftPackageProductDependency;
			package = ED4CBBDD2B27E2D1007553CC /* XCRemoteSwiftPackageReference "Aespa" */;
			productName = Aespa;
		};
/* End XCSwiftPackageProductDependency section */
	};
	rootObject = 9CE5B7D02A306F350058334D /* Project object */;
}
